
Microsoft Visual Studio Solution File, Format Version 12.00
# Visual Studio Version 17
VisualStudioVersion = 17.6.33723.286
MinimumVisualStudioVersion = 10.0.40219.1
Project("{9A19103F-16F7-4668-BE54-9A1E7A4F7556}") = "Business", "Business\Business.csproj", "{E6D715F5-D280-415C-A40B-BF1386318ECE}"
EndProject
Project("{9A19103F-16F7-4668-BE54-9A1E7A4F7556}") = "DataAccess", "DataAccess\DataAccess.csproj", "{3A739C29-3DFE-48FB-879A-AB4BEF736684}"
EndProject
Project("{9A19103F-16F7-4668-BE54-9A1E7A4F7556}") = "ConsoleUI", "ConsoleUI\ConsoleUI.csproj", "{F30908CF-D23F-4CC4-8AF1-E1F2C51D98BC}"
EndProject
Project("{9A19103F-16F7-4668-BE54-9A1E7A4F7556}") = "Entities", "Entities\Entities.csproj", "{0E0FE033-C00E-4105-8249-BD3E6C9E1BB1}"
EndProject
Project("{9A19103F-16F7-4668-BE54-9A1E7A4F7556}") = "Core", "Core\Core.csproj", "{3370A03C-1BC7-4F98-A7B4-A63669989B7F}"
EndProject
Project("{FAE04EC0-301F-11D3-BF4B-00C04F79EFBC}") = "WebAPI", "WebAPI\WebAPI.csproj", "{7621E5DB-6E53-4E7C-A80C-FF4DF4B8D4B2}"
EndProject
Global
	GlobalSection(SolutionConfigurationPlatforms) = preSolution
		Debug|Any CPU = Debug|Any CPU
		Release|Any CPU = Release|Any CPU
	EndGlobalSection
	GlobalSection(ProjectConfigurationPlatforms) = postSolution
		{E6D715F5-D280-415C-A40B-BF1386318ECE}.Debug|Any CPU.ActiveCfg = Debug|Any CPU
		{E6D715F5-D280-415C-A40B-BF1386318ECE}.Debug|Any CPU.Build.0 = Debug|Any CPU
		{E6D715F5-D280-415C-A40B-BF1386318ECE}.Release|Any CPU.ActiveCfg = Release|Any CPU
		{E6D715F5-D280-415C-A40B-BF1386318ECE}.Release|Any CPU.Build.0 = Release|Any CPU
		{3A739C29-3DFE-48FB-879A-AB4BEF736684}.Debug|Any CPU.ActiveCfg = Debug|Any CPU
		{3A739C29-3DFE-48FB-879A-AB4BEF736684}.Debug|Any CPU.Build.0 = Debug|Any CPU
		{3A739C29-3DFE-48FB-879A-AB4BEF736684}.Release|Any CPU.ActiveCfg = Release|Any CPU
		{3A739C29-3DFE-48FB-879A-AB4BEF736684}.Release|Any CPU.Build.0 = Release|Any CPU
		{F30908CF-D23F-4CC4-8AF1-E1F2C51D98BC}.Debug|Any CPU.ActiveCfg = Debug|Any CPU
		{F30908CF-D23F-4CC4-8AF1-E1F2C51D98BC}.Debug|Any CPU.Build.0 = Debug|Any CPU
		{F30908CF-D23F-4CC4-8AF1-E1F2C51D98BC}.Release|Any CPU.ActiveCfg = Release|Any CPU
		{F30908CF-D23F-4CC4-8AF1-E1F2C51D98BC}.Release|Any CPU.Build.0 = Release|Any CPU
		{0E0FE033-C00E-4105-8249-BD3E6C9E1BB1}.Debug|Any CPU.ActiveCfg = Debug|Any CPU
		{0E0FE033-C00E-4105-8249-BD3E6C9E1BB1}.Debug|Any CPU.Build.0 = Debug|Any CPU
		{0E0FE033-C00E-4105-8249-BD3E6C9E1BB1}.Release|Any CPU.ActiveCfg = Release|Any CPU
		{0E0FE033-C00E-4105-8249-BD3E6C9E1BB1}.Release|Any CPU.Build.0 = Release|Any CPU
		{3370A03C-1BC7-4F98-A7B4-A63669989B7F}.Debug|Any CPU.ActiveCfg = Debug|Any CPU
		{3370A03C-1BC7-4F98-A7B4-A63669989B7F}.Debug|Any CPU.Build.0 = Debug|Any CPU
		{3370A03C-1BC7-4F98-A7B4-A63669989B7F}.Release|Any CPU.ActiveCfg = Release|Any CPU
		{3370A03C-1BC7-4F98-A7B4-A63669989B7F}.Release|Any CPU.Build.0 = Release|Any CPU
		{7621E5DB-6E53-4E7C-A80C-FF4DF4B8D4B2}.Debug|Any CPU.ActiveCfg = Debug|Any CPU
		{7621E5DB-6E53-4E7C-A80C-FF4DF4B8D4B2}.Debug|Any CPU.Build.0 = Debug|Any CPU
		{7621E5DB-6E53-4E7C-A80C-FF4DF4B8D4B2}.Release|Any CPU.ActiveCfg = Release|Any CPU
		{7621E5DB-6E53-4E7C-A80C-FF4DF4B8D4B2}.Release|Any CPU.Build.0 = Release|Any CPU
	EndGlobalSection
	GlobalSection(SolutionProperties) = preSolution
		HideSolutionNode = FALSE
	EndGlobalSection
	GlobalSection(ExtensibilityGlobals) = postSolution
		SolutionGuid = {C5202E0B-9C73-4FC6-828B-85CBC916C439}
	EndGlobalSection
EndGlobal
